
Microsoft Visual Studio Solution File, Format Version 12.00
# Visual Studio 14
VisualStudioVersion = 14.0.25420.1
MinimumVisualStudioVersion = 10.0.40219.1
Project("{FAE04EC0-301F-11D3-BF4B-00C04F79EFBC}") = "TankWar.Core", "TankWar.Core\TankWar.Core.csproj", "{26E4047B-0D99-442A-9D0B-665B87DEE834}"
EndProject
Project("{2150E333-8FDC-42A3-9474-1A3956D46DE8}") = "command", "command", "{B79E84F9-6419-497C-A61D-00ECF4E166B1}"
	ProjectSection(SolutionItems) = preProject
		..\camp-code\function.json = ..\camp-code\function.json
		..\camp-code\run.csx = ..\camp-code\run.csx
	EndProjectSection
EndProject
Project("{2150E333-8FDC-42A3-9474-1A3956D46DE8}") = "bin", "bin", "{6865DC8E-F6C2-4F37-BBAB-B3F8E6777934}"
	ProjectSection(SolutionItems) = preProject
		..\camp-code\bin\TankWar.Core.dll = ..\camp-code\bin\TankWar.Core.dll
	EndProjectSection
EndProject
Project("{FAE04EC0-301F-11D3-BF4B-00C04F79EFBC}") = "TankWars.Test", "TankWars.Test\TankWars.Test.csproj", "{AD1DF836-68B6-43B3-BAC5-3F067FA4074A}"
EndProject
Global
	GlobalSection(SolutionConfigurationPlatforms) = preSolution
		Debug|Any CPU = Debug|Any CPU
		Debug|ARM = Debug|ARM
		Debug|x64 = Debug|x64
		Debug|x86 = Debug|x86
		Release|Any CPU = Release|Any CPU
		Release|ARM = Release|ARM
		Release|x64 = Release|x64
		Release|x86 = Release|x86
	EndGlobalSection
	GlobalSection(ProjectConfigurationPlatforms) = postSolution
		{26E4047B-0D99-442A-9D0B-665B87DEE834}.Debug|Any CPU.ActiveCfg = Debug|Any CPU
		{26E4047B-0D99-442A-9D0B-665B87DEE834}.Debug|Any CPU.Build.0 = Debug|Any CPU
		{26E4047B-0D99-442A-9D0B-665B87DEE834}.Debug|ARM.ActiveCfg = Debug|Any CPU
		{26E4047B-0D99-442A-9D0B-665B87DEE834}.Debug|ARM.Build.0 = Debug|Any CPU
		{26E4047B-0D99-442A-9D0B-665B87DEE834}.Debug|x64.ActiveCfg = Debug|Any CPU
		{26E4047B-0D99-442A-9D0B-665B87DEE834}.Debug|x64.Build.0 = Debug|Any CPU
		{26E4047B-0D99-442A-9D0B-665B87DEE834}.Debug|x86.ActiveCfg = Debug|Any CPU
		{26E4047B-0D99-442A-9D0B-665B87DEE834}.Debug|x86.Build.0 = Debug|Any CPU
		{26E4047B-0D99-442A-9D0B-665B87DEE834}.Release|Any CPU.ActiveCfg = Release|Any CPU
		{26E4047B-0D99-442A-9D0B-665B87DEE834}.Release|Any CPU.Build.0 = Release|Any CPU
		{26E4047B-0D99-442A-9D0B-665B87DEE834}.Release|ARM.ActiveCfg = Release|Any CPU
		{26E4047B-0D99-442A-9D0B-665B87DEE834}.Release|ARM.Build.0 = Release|Any CPU
		{26E4047B-0D99-442A-9D0B-665B87DEE834}.Release|x64.ActiveCfg = Release|Any CPU
		{26E4047B-0D99-442A-9D0B-665B87DEE834}.Release|x64.Build.0 = Release|Any CPU
		{26E4047B-0D99-442A-9D0B-665B87DEE834}.Release|x86.ActiveCfg = Release|Any CPU
		{26E4047B-0D99-442A-9D0B-665B87DEE834}.Release|x86.Build.0 = Release|Any CPU
		{AD1DF836-68B6-43B3-BAC5-3F067FA4074A}.Debug|Any CPU.ActiveCfg = Debug|Any CPU
		{AD1DF836-68B6-43B3-BAC5-3F067FA4074A}.Debug|Any CPU.Build.0 = Debug|Any CPU
		{AD1DF836-68B6-43B3-BAC5-3F067FA4074A}.Debug|ARM.ActiveCfg = Debug|Any CPU
		{AD1DF836-68B6-43B3-BAC5-3F067FA4074A}.Debug|ARM.Build.0 = Debug|Any CPU
		{AD1DF836-68B6-43B3-BAC5-3F067FA4074A}.Debug|x64.ActiveCfg = Debug|Any CPU
		{AD1DF836-68B6-43B3-BAC5-3F067FA4074A}.Debug|x64.Build.0 = Debug|Any CPU
		{AD1DF836-68B6-43B3-BAC5-3F067FA4074A}.Debug|x86.ActiveCfg = Debug|Any CPU
		{AD1DF836-68B6-43B3-BAC5-3F067FA4074A}.Debug|x86.Build.0 = Debug|Any CPU
		{AD1DF836-68B6-43B3-BAC5-3F067FA4074A}.Release|Any CPU.ActiveCfg = Release|Any CPU
		{AD1DF836-68B6-43B3-BAC5-3F067FA4074A}.Release|Any CPU.Build.0 = Release|Any CPU
		{AD1DF836-68B6-43B3-BAC5-3F067FA4074A}.Release|ARM.ActiveCfg = Release|Any CPU
		{AD1DF836-68B6-43B3-BAC5-3F067FA4074A}.Release|ARM.Build.0 = Release|Any CPU
		{AD1DF836-68B6-43B3-BAC5-3F067FA4074A}.Release|x64.ActiveCfg = Release|Any CPU
		{AD1DF836-68B6-43B3-BAC5-3F067FA4074A}.Release|x64.Build.0 = Release|Any CPU
		{AD1DF836-68B6-43B3-BAC5-3F067FA4074A}.Release|x86.ActiveCfg = Release|Any CPU
		{AD1DF836-68B6-43B3-BAC5-3F067FA4074A}.Release|x86.Build.0 = Release|Any CPU
	EndGlobalSection
	GlobalSection(SolutionProperties) = preSolution
		HideSolutionNode = FALSE
	EndGlobalSection
	GlobalSection(NestedProjects) = preSolution
		{6865DC8E-F6C2-4F37-BBAB-B3F8E6777934} = {B79E84F9-6419-497C-A61D-00ECF4E166B1}
	EndGlobalSection
EndGlobal
